
Microsoft Visual Studio Solution File, Format Version 12.00
# Visual Studio Version 17
VisualStudioVersion = 17.14.36414.22 d17.14
MinimumVisualStudioVersion = 10.0.40219.1
Project("{FAE04EC0-301F-11D3-BF4B-00C04F79EFBC}") = "Labb2_DungeonCrawler", "Labb2_DungeonCrawler\Labb2_DungeonCrawler.csproj", "{B821F842-D47F-49D0-9DDF-035983561485}"
EndProject
Global
	GlobalSection(SolutionConfigurationPlatforms) = preSolution
		Debug|Any CPU = Debug|Any CPU
		Release|Any CPU = Release|Any CPU
	EndGlobalSection
	GlobalSection(ProjectConfigurationPlatforms) = postSolution
		{B821F842-D47F-49D0-9DDF-035983561485}.Debug|Any CPU.ActiveCfg = Debug|Any CPU
		{B821F842-D47F-49D0-9DDF-035983561485}.Debug|Any CPU.Build.0 = Debug|Any CPU
		{B821F842-D47F-49D0-9DDF-035983561485}.Release|Any CPU.ActiveCfg = Release|Any CPU
		{B821F842-D47F-49D0-9DDF-035983561485}.Release|Any CPU.Build.0 = Release|Any CPU
	EndGlobalSection
	GlobalSection(SolutionProperties) = preSolution
		HideSolutionNode = FALSE
	EndGlobalSection
	GlobalSection(ExtensibilityGlobals) = postSolution
		SolutionGuid = {FB5F87F2-36B0-4471-B295-8C7B239E60EB}
	EndGlobalSection
EndGlobal
